
Microsoft Visual Studio Solution File, Format Version 12.00
# Visual Studio 15
VisualStudioVersion = 15.0.28010.2019
MinimumVisualStudioVersion = 10.0.40219.1
Project("{8BC9CEB8-8B4A-11D0-8D11-00A0C91BC942}") = "SStree", "SStree\SStree.vcxproj", "{162B4075-F173-4983-A418-4BA070411C4D}"
EndProject
Global
	GlobalSection(SolutionConfigurationPlatforms) = preSolution
		Debug|x64 = Debug|x64
		Debug|x86 = Debug|x86
		Release|x64 = Release|x64
		Release|x86 = Release|x86
	EndGlobalSection
	GlobalSection(ProjectConfigurationPlatforms) = postSolution
		{162B4075-F173-4983-A418-4BA070411C4D}.Debug|x64.ActiveCfg = Debug|x64
		{162B4075-F173-4983-A418-4BA070411C4D}.Debug|x64.Build.0 = Debug|x64
		{162B4075-F173-4983-A418-4BA070411C4D}.Debug|x86.ActiveCfg = Debug|Win32
		{162B4075-F173-4983-A418-4BA070411C4D}.Debug|x86.Build.0 = Debug|Win32
		{162B4075-F173-4983-A418-4BA070411C4D}.Release|x64.ActiveCfg = Release|x64
		{162B4075-F173-4983-A418-4BA070411C4D}.Release|x64.Build.0 = Release|x64
		{162B4075-F173-4983-A418-4BA070411C4D}.Release|x86.ActiveCfg = Release|Win32
		{162B4075-F173-4983-A418-4BA070411C4D}.Release|x86.Build.0 = Release|Win32
	EndGlobalSection
	GlobalSection(SolutionProperties) = preSolution
		HideSolutionNode = FALSE
	EndGlobalSection
	GlobalSection(ExtensibilityGlobals) = postSolution
		SolutionGuid = {2233107B-AACB-4736-AF2F-57DD58ACE3C9}
	EndGlobalSection
EndGlobal
